
Microsoft Visual Studio Solution File, Format Version 12.00
# Visual Studio Version 16
VisualStudioVersion = 16.0.31410.357
MinimumVisualStudioVersion = 10.0.40219.1
Project("{9A19103F-16F7-4668-BE54-9A1E7A4F7556}") = "TodoApp.Api", "backend\TodoApp.Api\TodoApp.Api.csproj", "{07BF683A-8E69-43CC-BAB6-98B23C756352}"
EndProject
Project("{FAE04EC0-301F-11D3-BF4B-00C04F79EFBC}") = "TodoApp.Domain", "backend\TodoApp.Domain\TodoApp.Domain.csproj", "{0D9D4487-EFE4-4E27-92D5-9CC0973E1F93}"
EndProject
Project("{FAE04EC0-301F-11D3-BF4B-00C04F79EFBC}") = "TodoApp.Dal", "backend\TodoApp.Dal\TodoApp.Dal.csproj", "{3BE4DE2F-836F-43F1-A127-68FDEE4CA662}"
EndProject
Project("{FAE04EC0-301F-11D3-BF4B-00C04F79EFBC}") = "TodoApp.Bll", "backend\TodoApp.Bll\TodoApp.Bll.csproj", "{EECD966C-E408-4F8F-9D4A-359C9C96260C}"
EndProject
Global
	GlobalSection(SolutionConfigurationPlatforms) = preSolution
		Debug|Any CPU = Debug|Any CPU
		Release|Any CPU = Release|Any CPU
	EndGlobalSection
	GlobalSection(ProjectConfigurationPlatforms) = postSolution
		{07BF683A-8E69-43CC-BAB6-98B23C756352}.Debug|Any CPU.ActiveCfg = Debug|Any CPU
		{07BF683A-8E69-43CC-BAB6-98B23C756352}.Debug|Any CPU.Build.0 = Debug|Any CPU
		{07BF683A-8E69-43CC-BAB6-98B23C756352}.Release|Any CPU.ActiveCfg = Release|Any CPU
		{07BF683A-8E69-43CC-BAB6-98B23C756352}.Release|Any CPU.Build.0 = Release|Any CPU
		{0D9D4487-EFE4-4E27-92D5-9CC0973E1F93}.Debug|Any CPU.ActiveCfg = Debug|Any CPU
		{0D9D4487-EFE4-4E27-92D5-9CC0973E1F93}.Debug|Any CPU.Build.0 = Debug|Any CPU
		{0D9D4487-EFE4-4E27-92D5-9CC0973E1F93}.Release|Any CPU.ActiveCfg = Release|Any CPU
		{0D9D4487-EFE4-4E27-92D5-9CC0973E1F93}.Release|Any CPU.Build.0 = Release|Any CPU
		{3BE4DE2F-836F-43F1-A127-68FDEE4CA662}.Debug|Any CPU.ActiveCfg = Debug|Any CPU
		{3BE4DE2F-836F-43F1-A127-68FDEE4CA662}.Debug|Any CPU.Build.0 = Debug|Any CPU
		{3BE4DE2F-836F-43F1-A127-68FDEE4CA662}.Release|Any CPU.ActiveCfg = Release|Any CPU
		{3BE4DE2F-836F-43F1-A127-68FDEE4CA662}.Release|Any CPU.Build.0 = Release|Any CPU
		{EECD966C-E408-4F8F-9D4A-359C9C96260C}.Debug|Any CPU.ActiveCfg = Debug|Any CPU
		{EECD966C-E408-4F8F-9D4A-359C9C96260C}.Debug|Any CPU.Build.0 = Debug|Any CPU
		{EECD966C-E408-4F8F-9D4A-359C9C96260C}.Release|Any CPU.ActiveCfg = Release|Any CPU
		{EECD966C-E408-4F8F-9D4A-359C9C96260C}.Release|Any CPU.Build.0 = Release|Any CPU
	EndGlobalSection
	GlobalSection(SolutionProperties) = preSolution
		HideSolutionNode = FALSE
	EndGlobalSection
	GlobalSection(ExtensibilityGlobals) = postSolution
		SolutionGuid = {8584815C-B960-4CAA-85CC-EA8AE2F6F9AE}
	EndGlobalSection
EndGlobal
